
Microsoft Visual Studio Solution File, Format Version 12.00
# Visual Studio 15
VisualStudioVersion = 15.0.27703.2042
MinimumVisualStudioVersion = 10.0.40219.1
Project("{FAE04EC0-301F-11D3-BF4B-00C04F79EFBC}") = "LINQProbs", "LINQProbs\LINQProbs.csproj", "{87328FAA-DC5B-4E1A-9770-6A8DC93CD678}"
EndProject
Global
	GlobalSection(SolutionConfigurationPlatforms) = preSolution
		Debug|Any CPU = Debug|Any CPU
		Release|Any CPU = Release|Any CPU
	EndGlobalSection
	GlobalSection(ProjectConfigurationPlatforms) = postSolution
		{87328FAA-DC5B-4E1A-9770-6A8DC93CD678}.Debug|Any CPU.ActiveCfg = Debug|Any CPU
		{87328FAA-DC5B-4E1A-9770-6A8DC93CD678}.Debug|Any CPU.Build.0 = Debug|Any CPU
		{87328FAA-DC5B-4E1A-9770-6A8DC93CD678}.Release|Any CPU.ActiveCfg = Release|Any CPU
		{87328FAA-DC5B-4E1A-9770-6A8DC93CD678}.Release|Any CPU.Build.0 = Release|Any CPU
	EndGlobalSection
	GlobalSection(SolutionProperties) = preSolution
		HideSolutionNode = FALSE
	EndGlobalSection
	GlobalSection(ExtensibilityGlobals) = postSolution
		SolutionGuid = {5FCB1209-AA7D-4B1F-9FED-95A3B3C221A5}
	EndGlobalSection
EndGlobal
